
Microsoft Visual Studio Solution File, Format Version 12.00
# Visual Studio Version 17
VisualStudioVersion = 17.11.35219.272
MinimumVisualStudioVersion = 10.0.40219.1
Project("{FAE04EC0-301F-11D3-BF4B-00C04F79EFBC}") = "FactoryMethod", "FactoryMethod\FactoryMethod.csproj", "{C9E03405-6486-4605-9F25-C4460F17F4DA}"
EndProject
Global
	GlobalSection(SolutionConfigurationPlatforms) = preSolution
		Debug|Any CPU = Debug|Any CPU
		Release|Any CPU = Release|Any CPU
	EndGlobalSection
	GlobalSection(ProjectConfigurationPlatforms) = postSolution
		{C9E03405-6486-4605-9F25-C4460F17F4DA}.Debug|Any CPU.ActiveCfg = Debug|Any CPU
		{C9E03405-6486-4605-9F25-C4460F17F4DA}.Debug|Any CPU.Build.0 = Debug|Any CPU
		{C9E03405-6486-4605-9F25-C4460F17F4DA}.Release|Any CPU.ActiveCfg = Release|Any CPU
		{C9E03405-6486-4605-9F25-C4460F17F4DA}.Release|Any CPU.Build.0 = Release|Any CPU
	EndGlobalSection
	GlobalSection(SolutionProperties) = preSolution
		HideSolutionNode = FALSE
	EndGlobalSection
	GlobalSection(ExtensibilityGlobals) = postSolution
		SolutionGuid = {9411B6EA-2482-4FE0-BCEF-1103DD87E862}
	EndGlobalSection
EndGlobal
